
Microsoft Visual Studio Solution File, Format Version 12.00
# Visual Studio Version 16
VisualStudioVersion = 16.0.31112.23
MinimumVisualStudioVersion = 10.0.40219.1
Project("{FAE04EC0-301F-11D3-BF4B-00C04F79EFBC}") = "TeknikServis_Web", "TeknikServis_Web\TeknikServis_Web.csproj", "{AB879B1B-88BA-44AE-AA2E-9EC5AC5369C8}"
EndProject
Global
	GlobalSection(SolutionConfigurationPlatforms) = preSolution
		Debug|Any CPU = Debug|Any CPU
		Release|Any CPU = Release|Any CPU
	EndGlobalSection
	GlobalSection(ProjectConfigurationPlatforms) = postSolution
		{AB879B1B-88BA-44AE-AA2E-9EC5AC5369C8}.Debug|Any CPU.ActiveCfg = Debug|Any CPU
		{AB879B1B-88BA-44AE-AA2E-9EC5AC5369C8}.Debug|Any CPU.Build.0 = Debug|Any CPU
		{AB879B1B-88BA-44AE-AA2E-9EC5AC5369C8}.Release|Any CPU.ActiveCfg = Release|Any CPU
		{AB879B1B-88BA-44AE-AA2E-9EC5AC5369C8}.Release|Any CPU.Build.0 = Release|Any CPU
	EndGlobalSection
	GlobalSection(SolutionProperties) = preSolution
		HideSolutionNode = FALSE
	EndGlobalSection
	GlobalSection(ExtensibilityGlobals) = postSolution
		SolutionGuid = {6611C270-4C60-4672-96B2-4C7012CDAAFA}
	EndGlobalSection
EndGlobal
