
Microsoft Visual Studio Solution File, Format Version 12.00
# Visual Studio Version 16
VisualStudioVersion = 16.0.31112.23
MinimumVisualStudioVersion = 10.0.40219.1
Project("{FAE04EC0-301F-11D3-BF4B-00C04F79EFBC}") = "TEKNİKSERVİS", "TEKNİKSERVİS\TEKNİKSERVİS.csproj", "{372655DA-FF17-4447-8F7C-0D87DDC1E41B}"
EndProject
Global
	GlobalSection(SolutionConfigurationPlatforms) = preSolution
		Debug|Any CPU = Debug|Any CPU
		Release|Any CPU = Release|Any CPU
	EndGlobalSection
	GlobalSection(ProjectConfigurationPlatforms) = postSolution
		{372655DA-FF17-4447-8F7C-0D87DDC1E41B}.Debug|Any CPU.ActiveCfg = Debug|Any CPU
		{372655DA-FF17-4447-8F7C-0D87DDC1E41B}.Debug|Any CPU.Build.0 = Debug|Any CPU
		{372655DA-FF17-4447-8F7C-0D87DDC1E41B}.Release|Any CPU.ActiveCfg = Release|Any CPU
		{372655DA-FF17-4447-8F7C-0D87DDC1E41B}.Release|Any CPU.Build.0 = Release|Any CPU
	EndGlobalSection
	GlobalSection(SolutionProperties) = preSolution
		HideSolutionNode = FALSE
	EndGlobalSection
	GlobalSection(ExtensibilityGlobals) = postSolution
		SolutionGuid = {DD44A8AF-CE8E-46F8-A8C8-B0EE45F34C76}
	EndGlobalSection
EndGlobal
